
Microsoft Visual Studio Solution File, Format Version 12.00
# Visual Studio Version 17
VisualStudioVersion = 17.4.33213.308
MinimumVisualStudioVersion = 10.0.40219.1
Project("{FAE04EC0-301F-11D3-BF4B-00C04F79EFBC}") = "m4vAPI", "m4vAPI\m4vAPI.csproj", "{E00E41A7-EC56-4602-9A8F-1BC496F9F4EF}"
EndProject
Global
	GlobalSection(SolutionConfigurationPlatforms) = preSolution
		Debug|Any CPU = Debug|Any CPU
		Release|Any CPU = Release|Any CPU
	EndGlobalSection
	GlobalSection(ProjectConfigurationPlatforms) = postSolution
		{E00E41A7-EC56-4602-9A8F-1BC496F9F4EF}.Debug|Any CPU.ActiveCfg = Debug|Any CPU
		{E00E41A7-EC56-4602-9A8F-1BC496F9F4EF}.Debug|Any CPU.Build.0 = Debug|Any CPU
		{E00E41A7-EC56-4602-9A8F-1BC496F9F4EF}.Release|Any CPU.ActiveCfg = Release|Any CPU
		{E00E41A7-EC56-4602-9A8F-1BC496F9F4EF}.Release|Any CPU.Build.0 = Release|Any CPU
	EndGlobalSection
	GlobalSection(SolutionProperties) = preSolution
		HideSolutionNode = FALSE
	EndGlobalSection
	GlobalSection(ExtensibilityGlobals) = postSolution
		SolutionGuid = {3EB6FA3D-6126-487E-BA2A-C979AC2D58FE}
	EndGlobalSection
EndGlobal
